
Microsoft Visual Studio Solution File, Format Version 12.00
# Visual Studio Version 17
VisualStudioVersion = 17.11.35327.3
MinimumVisualStudioVersion = 10.0.40219.1
Project("{2150E333-8FDC-42A3-9474-1A3956D46DE8}") = "src", "src", "{E724C133-15CE-4B71-BDB6-361DA863CA16}"
EndProject
Project("{9A19103F-16F7-4668-BE54-9A1E7A4F7556}") = "Domain", "src\Domain\Domain.csproj", "{F405CAE8-90AD-4A8C-B7FA-F1893282B56B}"
EndProject
Project("{9A19103F-16F7-4668-BE54-9A1E7A4F7556}") = "Application", "src\Application\Application.csproj", "{EF904DE0-4F38-43B5-83A3-48DA2DF91947}"
EndProject
Project("{9A19103F-16F7-4668-BE54-9A1E7A4F7556}") = "Infrastructure", "src\Infrastructure\Infrastructure.csproj", "{09E3F810-A6F4-4064-B88B-D8FB3CA1E4B8}"
EndProject
Project("{9A19103F-16F7-4668-BE54-9A1E7A4F7556}") = "Api", "src\Api\Api.csproj", "{61ED39F6-C201-46F0-A9E4-AED69930B158}"
EndProject
Project("{9A19103F-16F7-4668-BE54-9A1E7A4F7556}") = "WebSocket", "src\WebSocket\WebSocket.csproj", "{D431BF76-F19A-4D51-AAA2-75B9D386181E}"
EndProject
Global
	GlobalSection(SolutionConfigurationPlatforms) = preSolution
		Debug|Any CPU = Debug|Any CPU
		Debug|x64 = Debug|x64
		Debug|x86 = Debug|x86
		Release|Any CPU = Release|Any CPU
		Release|x64 = Release|x64
		Release|x86 = Release|x86
	EndGlobalSection
	GlobalSection(ProjectConfigurationPlatforms) = postSolution
		{F405CAE8-90AD-4A8C-B7FA-F1893282B56B}.Debug|Any CPU.ActiveCfg = Debug|Any CPU
		{F405CAE8-90AD-4A8C-B7FA-F1893282B56B}.Debug|Any CPU.Build.0 = Debug|Any CPU
		{F405CAE8-90AD-4A8C-B7FA-F1893282B56B}.Debug|x64.ActiveCfg = Debug|Any CPU
		{F405CAE8-90AD-4A8C-B7FA-F1893282B56B}.Debug|x64.Build.0 = Debug|Any CPU
		{F405CAE8-90AD-4A8C-B7FA-F1893282B56B}.Debug|x86.ActiveCfg = Debug|Any CPU
		{F405CAE8-90AD-4A8C-B7FA-F1893282B56B}.Debug|x86.Build.0 = Debug|Any CPU
		{F405CAE8-90AD-4A8C-B7FA-F1893282B56B}.Release|Any CPU.ActiveCfg = Release|Any CPU
		{F405CAE8-90AD-4A8C-B7FA-F1893282B56B}.Release|Any CPU.Build.0 = Release|Any CPU
		{F405CAE8-90AD-4A8C-B7FA-F1893282B56B}.Release|x64.ActiveCfg = Release|Any CPU
		{F405CAE8-90AD-4A8C-B7FA-F1893282B56B}.Release|x64.Build.0 = Release|Any CPU
		{F405CAE8-90AD-4A8C-B7FA-F1893282B56B}.Release|x86.ActiveCfg = Release|Any CPU
		{F405CAE8-90AD-4A8C-B7FA-F1893282B56B}.Release|x86.Build.0 = Release|Any CPU
		{EF904DE0-4F38-43B5-83A3-48DA2DF91947}.Debug|Any CPU.ActiveCfg = Debug|Any CPU
		{EF904DE0-4F38-43B5-83A3-48DA2DF91947}.Debug|Any CPU.Build.0 = Debug|Any CPU
		{EF904DE0-4F38-43B5-83A3-48DA2DF91947}.Debug|x64.ActiveCfg = Debug|Any CPU
		{EF904DE0-4F38-43B5-83A3-48DA2DF91947}.Debug|x64.Build.0 = Debug|Any CPU
		{EF904DE0-4F38-43B5-83A3-48DA2DF91947}.Debug|x86.ActiveCfg = Debug|Any CPU
		{EF904DE0-4F38-43B5-83A3-48DA2DF91947}.Debug|x86.Build.0 = Debug|Any CPU
		{EF904DE0-4F38-43B5-83A3-48DA2DF91947}.Release|Any CPU.ActiveCfg = Release|Any CPU
		{EF904DE0-4F38-43B5-83A3-48DA2DF91947}.Release|Any CPU.Build.0 = Release|Any CPU
		{EF904DE0-4F38-43B5-83A3-48DA2DF91947}.Release|x64.ActiveCfg = Release|Any CPU
		{EF904DE0-4F38-43B5-83A3-48DA2DF91947}.Release|x64.Build.0 = Release|Any CPU
		{EF904DE0-4F38-43B5-83A3-48DA2DF91947}.Release|x86.ActiveCfg = Release|Any CPU
		{EF904DE0-4F38-43B5-83A3-48DA2DF91947}.Release|x86.Build.0 = Release|Any CPU
		{09E3F810-A6F4-4064-B88B-D8FB3CA1E4B8}.Debug|Any CPU.ActiveCfg = Debug|Any CPU
		{09E3F810-A6F4-4064-B88B-D8FB3CA1E4B8}.Debug|Any CPU.Build.0 = Debug|Any CPU
		{09E3F810-A6F4-4064-B88B-D8FB3CA1E4B8}.Debug|x64.ActiveCfg = Debug|Any CPU
		{09E3F810-A6F4-4064-B88B-D8FB3CA1E4B8}.Debug|x64.Build.0 = Debug|Any CPU
		{09E3F810-A6F4-4064-B88B-D8FB3CA1E4B8}.Debug|x86.ActiveCfg = Debug|Any CPU
		{09E3F810-A6F4-4064-B88B-D8FB3CA1E4B8}.Debug|x86.Build.0 = Debug|Any CPU
		{09E3F810-A6F4-4064-B88B-D8FB3CA1E4B8}.Release|Any CPU.ActiveCfg = Release|Any CPU
		{09E3F810-A6F4-4064-B88B-D8FB3CA1E4B8}.Release|Any CPU.Build.0 = Release|Any CPU
		{09E3F810-A6F4-4064-B88B-D8FB3CA1E4B8}.Release|x64.ActiveCfg = Release|Any CPU
		{09E3F810-A6F4-4064-B88B-D8FB3CA1E4B8}.Release|x64.Build.0 = Release|Any CPU
		{09E3F810-A6F4-4064-B88B-D8FB3CA1E4B8}.Release|x86.ActiveCfg = Release|Any CPU
		{09E3F810-A6F4-4064-B88B-D8FB3CA1E4B8}.Release|x86.Build.0 = Release|Any CPU
		{61ED39F6-C201-46F0-A9E4-AED69930B158}.Debug|Any CPU.ActiveCfg = Debug|Any CPU
		{61ED39F6-C201-46F0-A9E4-AED69930B158}.Debug|Any CPU.Build.0 = Debug|Any CPU
		{61ED39F6-C201-46F0-A9E4-AED69930B158}.Debug|x64.ActiveCfg = Debug|Any CPU
		{61ED39F6-C201-46F0-A9E4-AED69930B158}.Debug|x64.Build.0 = Debug|Any CPU
		{61ED39F6-C201-46F0-A9E4-AED69930B158}.Debug|x86.ActiveCfg = Debug|Any CPU
		{61ED39F6-C201-46F0-A9E4-AED69930B158}.Debug|x86.Build.0 = Debug|Any CPU
		{61ED39F6-C201-46F0-A9E4-AED69930B158}.Release|Any CPU.ActiveCfg = Release|Any CPU
		{61ED39F6-C201-46F0-A9E4-AED69930B158}.Release|Any CPU.Build.0 = Release|Any CPU
		{61ED39F6-C201-46F0-A9E4-AED69930B158}.Release|x64.ActiveCfg = Release|Any CPU
		{61ED39F6-C201-46F0-A9E4-AED69930B158}.Release|x64.Build.0 = Release|Any CPU
		{61ED39F6-C201-46F0-A9E4-AED69930B158}.Release|x86.ActiveCfg = Release|Any CPU
		{61ED39F6-C201-46F0-A9E4-AED69930B158}.Release|x86.Build.0 = Release|Any CPU
		{D431BF76-F19A-4D51-AAA2-75B9D386181E}.Debug|Any CPU.ActiveCfg = Debug|Any CPU
		{D431BF76-F19A-4D51-AAA2-75B9D386181E}.Debug|Any CPU.Build.0 = Debug|Any CPU
		{D431BF76-F19A-4D51-AAA2-75B9D386181E}.Debug|x64.ActiveCfg = Debug|Any CPU
		{D431BF76-F19A-4D51-AAA2-75B9D386181E}.Debug|x64.Build.0 = Debug|Any CPU
		{D431BF76-F19A-4D51-AAA2-75B9D386181E}.Debug|x86.ActiveCfg = Debug|Any CPU
		{D431BF76-F19A-4D51-AAA2-75B9D386181E}.Debug|x86.Build.0 = Debug|Any CPU
		{D431BF76-F19A-4D51-AAA2-75B9D386181E}.Release|Any CPU.ActiveCfg = Release|Any CPU
		{D431BF76-F19A-4D51-AAA2-75B9D386181E}.Release|Any CPU.Build.0 = Release|Any CPU
		{D431BF76-F19A-4D51-AAA2-75B9D386181E}.Release|x64.ActiveCfg = Release|Any CPU
		{D431BF76-F19A-4D51-AAA2-75B9D386181E}.Release|x64.Build.0 = Release|Any CPU
		{D431BF76-F19A-4D51-AAA2-75B9D386181E}.Release|x86.ActiveCfg = Release|Any CPU
		{D431BF76-F19A-4D51-AAA2-75B9D386181E}.Release|x86.Build.0 = Release|Any CPU
	EndGlobalSection
	GlobalSection(SolutionProperties) = preSolution
		HideSolutionNode = FALSE
	EndGlobalSection
	GlobalSection(NestedProjects) = preSolution
		{F405CAE8-90AD-4A8C-B7FA-F1893282B56B} = {E724C133-15CE-4B71-BDB6-361DA863CA16}
		{EF904DE0-4F38-43B5-83A3-48DA2DF91947} = {E724C133-15CE-4B71-BDB6-361DA863CA16}
		{09E3F810-A6F4-4064-B88B-D8FB3CA1E4B8} = {E724C133-15CE-4B71-BDB6-361DA863CA16}
		{61ED39F6-C201-46F0-A9E4-AED69930B158} = {E724C133-15CE-4B71-BDB6-361DA863CA16}
		{D431BF76-F19A-4D51-AAA2-75B9D386181E} = {E724C133-15CE-4B71-BDB6-361DA863CA16}
	EndGlobalSection
	GlobalSection(ExtensibilityGlobals) = postSolution
		SolutionGuid = {B01673AB-D5ED-4136-9109-B14A9352FE0C}
	EndGlobalSection
EndGlobal
